
Microsoft Visual Studio Solution File, Format Version 12.00
# Visual Studio Version 17
VisualStudioVersion = 17.4.33213.308
MinimumVisualStudioVersion = 10.0.40219.1
Project("{9A19103F-16F7-4668-BE54-9A1E7A4F7556}") = "001_Introduction", "001_Introduction\001_Introduction.csproj", "{66494451-51BA-48B9-95C9-1B0FBE494528}"
EndProject
Project("{2150E333-8FDC-42A3-9474-1A3956D46DE8}") = "001_EF_Introduction", "001_EF_Introduction", "{6C4FD2CF-6B6D-48B9-BE40-7611A7B39DDC}"
EndProject
Project("{9A19103F-16F7-4668-BE54-9A1E7A4F7556}") = "002_DbFirst", "002_DbFirst\002_DbFirst.csproj", "{8A44E3C3-0B34-4E95-B4A2-61CF9EE3DCF8}"
EndProject
Project("{9A19103F-16F7-4668-BE54-9A1E7A4F7556}") = "003_CRUD", "003_CRUD\003_CRUD.csproj", "{FA998091-2F43-40A3-8962-A93A5FFE3FBB}"
EndProject
Project("{9A19103F-16F7-4668-BE54-9A1E7A4F7556}") = "004_Config", "004_Config\004_Config.csproj", "{90B660B1-2DE9-4D87-A69D-A56602B38179}"
EndProject
Project("{9A19103F-16F7-4668-BE54-9A1E7A4F7556}") = "005_Migration", "005_Migration\005_Migration.csproj", "{ABFB1525-DFF2-4343-ADBC-B6435BB4EF9F}"
EndProject
Project("{2150E333-8FDC-42A3-9474-1A3956D46DE8}") = "002_Modeling", "002_Modeling", "{557FB02F-1DDA-4365-8BE1-D5B4278C136C}"
EndProject
Project("{9A19103F-16F7-4668-BE54-9A1E7A4F7556}") = "001_Model_Definition", "001_Model_Definition\001_Model_Definition.csproj", "{2AEA8CF2-9F0B-4E06-A625-B083B87EF290}"
EndProject
Project("{9A19103F-16F7-4668-BE54-9A1E7A4F7556}") = "002_Data_Annotations", "002_Data_Annotations\002_Data_Annotations.csproj", "{F6CAF319-C033-4C8C-BD98-FBE43C67A8FC}"
EndProject
Project("{9A19103F-16F7-4668-BE54-9A1E7A4F7556}") = "003_Fluent_Api", "003_Fluent_Api\003_Fluent_Api.csproj", "{D59B0059-C332-4BAA-AD2C-565A6AF17899}"
EndProject
Project("{2150E333-8FDC-42A3-9474-1A3956D46DE8}") = "003_Model_Relation_Inheritance", "003_Model_Relation_Inheritance", "{D875DAFD-0C07-498C-B3AD-56612247E7F8}"
EndProject
Project("{9A19103F-16F7-4668-BE54-9A1E7A4F7556}") = "004_Model_Configuration", "004_Model_Configuration\004_Model_Configuration.csproj", "{0E6CBD07-21FF-409C-A78D-20D07D39CBBC}"
EndProject
Project("{9A19103F-16F7-4668-BE54-9A1E7A4F7556}") = "005_Keys", "005_Keys\005_Keys.csproj", "{C7D9E964-C434-4169-B867-060E8AB5D7D4}"
EndProject
Project("{9A19103F-16F7-4668-BE54-9A1E7A4F7556}") = "006_Indexes", "006_Indexes\006_Indexes.csproj", "{9A2B2BEE-F3DA-4684-8308-083388AA1260}"
EndProject
Project("{9A19103F-16F7-4668-BE54-9A1E7A4F7556}") = "007_Shadow_Properties", "007_Shadow_Properties\007_Shadow_Properties.csproj", "{B9BCC21D-946B-4EB5-8307-B3647B959507}"
EndProject
Project("{9A19103F-16F7-4668-BE54-9A1E7A4F7556}") = "008_Reserve_Fields", "008_Reserve_Fields\008_Reserve_Fields.csproj", "{ADDBC2B6-3914-4A08-A1A0-ECDCB2FC7332}"
EndProject
Project("{9A19103F-16F7-4668-BE54-9A1E7A4F7556}") = "009_DB_Initialization", "009_DB_Initialization\009_DB_Initialization.csproj", "{26D2FD62-7C4F-4E63-B910-2AF18454EB97}"
EndProject
Project("{9A19103F-16F7-4668-BE54-9A1E7A4F7556}") = "010_Constructors", "010_Constructors\010_Constructors.csproj", "{75ABDB1A-AF1E-4447-9428-DFE141851EC2}"
EndProject
Project("{9A19103F-16F7-4668-BE54-9A1E7A4F7556}") = "011_Props_Converting", "011_Props_Converting\011_Props_Converting.csproj", "{EF22D1D0-B4C3-4E01-958F-FE0D525B329B}"
EndProject
Project("{2150E333-8FDC-42A3-9474-1A3956D46DE8}") = "004_LINQ_to_Entity", "004_LINQ_to_Entity", "{04D22BA7-B0DB-4C8F-AD17-A1BCADC42B14}"
EndProject
Project("{2150E333-8FDC-42A3-9474-1A3956D46DE8}") = "005_Raw_SQL_Queries", "005_Raw_SQL_Queries", "{8BE95BB0-862F-4EFB-AF20-944B30ABA035}"
EndProject
Project("{9A19103F-16F7-4668-BE54-9A1E7A4F7556}") = "001_Foreign_Keys", "001_Foreign_Keys\001_Foreign_Keys.csproj", "{2C458D0D-A113-46A2-A3E3-525B60AFDF8A}"
EndProject
Project("{2150E333-8FDC-42A3-9474-1A3956D46DE8}") = "Solution Items", "Solution Items", "{C920A669-1762-4004-A7F4-94333538BB3B}"
	ProjectSection(SolutionItems) = preProject
		.gitignore = .gitignore
	EndProjectSection
EndProject
Project("{9A19103F-16F7-4668-BE54-9A1E7A4F7556}") = "002_Cascade_Deleting", "002_Cascade_Deleting\002_Cascade_Deleting.csproj", "{4EC0D473-CEE3-4BB5-9BDE-E222677BB3CD}"
EndProject
Project("{9A19103F-16F7-4668-BE54-9A1E7A4F7556}") = "003_Eager_Loading", "003_Eager_Loading\003_Eager_Loading.csproj", "{64F912B9-7ADF-4A7B-9A80-0F46127630D6}"
EndProject
Project("{9A19103F-16F7-4668-BE54-9A1E7A4F7556}") = "004_Explicit_Loading", "004_Explicit_Loading\004_Explicit_Loading.csproj", "{49CB0C5C-6479-4F41-8D75-482B43FDE4B7}"
EndProject
Project("{9A19103F-16F7-4668-BE54-9A1E7A4F7556}") = "005_Lazy_Loading", "005_Lazy_Loading\005_Lazy_Loading.csproj", "{2225E61F-7E58-49A0-8EFC-642F80D78E45}"
EndProject
Project("{9A19103F-16F7-4668-BE54-9A1E7A4F7556}") = "006_Table_Separation", "006_Table_Separation\006_Table_Separation.csproj", "{C0E7F3AD-C1CF-48A3-BE78-614FA1349EF2}"
EndProject
Project("{9A19103F-16F7-4668-BE54-9A1E7A4F7556}") = "007_One_to_One", "007_One_to_One\007_One_to_One.csproj", "{AEBB2757-18D4-4BC9-A78D-09665DAD0240}"
EndProject
Project("{9A19103F-16F7-4668-BE54-9A1E7A4F7556}") = "008_One_to_Many", "008_One_to_Many\008_One_to_Many.csproj", "{4FEAEC8C-88B4-46DD-B5C3-0305E6D794D8}"
EndProject
Project("{9A19103F-16F7-4668-BE54-9A1E7A4F7556}") = "009_Many_to_Many", "009_Many_to_Many\009_Many_to_Many.csproj", "{A3C3F65D-0154-48AD-81B9-55FDCC1D2AED}"
EndProject
Project("{9A19103F-16F7-4668-BE54-9A1E7A4F7556}") = "010_Many_to_Many_with_Many", "010_Many_to_Many_with_Many\010_Many_to_Many_with_Many.csproj", "{62C72EA6-207B-4F2A-9C19-160DE5A5F876}"
EndProject
Project("{9A19103F-16F7-4668-BE54-9A1E7A4F7556}") = "011_TPH", "011_TPH\011_TPH.csproj", "{E8B99D92-C54C-4645-BF22-BE67D412796A}"
EndProject
Project("{9A19103F-16F7-4668-BE54-9A1E7A4F7556}") = "012_TPT", "012_TPT\012_TPT.csproj", "{81A064A1-A374-4F43-B002-09DDDFDADE4B}"
EndProject
Project("{9A19103F-16F7-4668-BE54-9A1E7A4F7556}") = "013_TPC", "013_TPC\013_TPC.csproj", "{EF3B65F5-B9B3-409A-9A75-7B6D3FA06FAD}"
EndProject
Project("{9A19103F-16F7-4668-BE54-9A1E7A4F7556}") = "001_Simple_Query", "001_Simple_Query\001_Simple_Query.csproj", "{597422C0-48E7-4D07-99E5-3021E27F3EF2}"
EndProject
Project("{9A19103F-16F7-4668-BE54-9A1E7A4F7556}") = "002_Filtering_Sorting", "002_Filtering_Sorting\002_Filtering_Sorting.csproj", "{F270BB42-675E-4829-A90A-EEE1FC3F07E0}"
EndProject
Project("{9A19103F-16F7-4668-BE54-9A1E7A4F7556}") = "003_FirstOrDefault", "003_FirstOrDefault\003_FirstOrDefault.csproj", "{EDA9C203-A42A-4026-AB83-291BED7C7A4A}"
EndProject
Project("{9A19103F-16F7-4668-BE54-9A1E7A4F7556}") = "004_Like", "004_Like\004_Like.csproj", "{939F2D38-514D-45BB-90AE-CFD97CAEF9D7}"
EndProject
Project("{9A19103F-16F7-4668-BE54-9A1E7A4F7556}") = "005_Select", "005_Select\005_Select.csproj", "{5C8979B0-2521-40CC-A11B-FB612CB73B7D}"
EndProject
Project("{9A19103F-16F7-4668-BE54-9A1E7A4F7556}") = "006_GroupBy", "006_GroupBy\006_GroupBy.csproj", "{40AD4DBB-E704-401E-B4E1-64823833B87A}"
EndProject
Project("{9A19103F-16F7-4668-BE54-9A1E7A4F7556}") = "007_Join", "007_Join\007_Join.csproj", "{83E81CD6-6D2A-4A63-A4F2-48570D15262B}"
EndProject
Project("{9A19103F-16F7-4668-BE54-9A1E7A4F7556}") = "008_LeftJoin", "008_LeftJoin\008_LeftJoin.csproj", "{7EE34A88-B675-4F08-8E30-F0ADB0C427F2}"
EndProject
Project("{9A19103F-16F7-4668-BE54-9A1E7A4F7556}") = "009_Union", "009_Union\009_Union.csproj", "{DAA3638A-6A31-416B-87F1-88AA5FE76870}"
EndProject
Project("{9A19103F-16F7-4668-BE54-9A1E7A4F7556}") = "010_Intersection", "010_Intersection\010_Intersection.csproj", "{58F4CAD0-063B-4DEC-BFD1-44548C340A71}"
EndProject
Project("{9A19103F-16F7-4668-BE54-9A1E7A4F7556}") = "011_Except", "011_Except\011_Except.csproj", "{0000E6E2-47E9-46AC-A099-830DC09E717E}"
EndProject
Project("{9A19103F-16F7-4668-BE54-9A1E7A4F7556}") = "012_Aggregate", "012_Aggregate\012_Aggregate.csproj", "{FD81E2AB-1912-4454-AF94-68995CA46976}"
EndProject
Project("{FAE04EC0-301F-11D3-BF4B-00C04F79EFBC}") = "001_Raw_Query", "001_Raw_Query\001_Raw_Query.csproj", "{31B2166B-57E1-4322-A257-CD005FF1CC83}"
EndProject
Project("{FAE04EC0-301F-11D3-BF4B-00C04F79EFBC}") = "002_Raw_Query_With_Params", "002_Raw_Query_With_Params\002_Raw_Query_With_Params.csproj", "{F3A20058-7D3A-45F2-83B5-A773645DE2DA}"
EndProject
Project("{FAE04EC0-301F-11D3-BF4B-00C04F79EFBC}") = "003_Raw_Query_With_Safe_Params", "003_Raw_Query_With_Safe_Params\003_Raw_Query_With_Safe_Params.csproj", "{F065D3B0-99BD-4D33-8343-2C47FFAF34D1}"
EndProject
Project("{FAE04EC0-301F-11D3-BF4B-00C04F79EFBC}") = "_000_SQL_Injection", "_000_SQL_Injection\_000_SQL_Injection.csproj", "{8145EB62-646D-4E40-AA45-841D53408B05}"
EndProject
Project("{FAE04EC0-301F-11D3-BF4B-00C04F79EFBC}") = "004_Execute_Sql", "004_Execute_Sql\004_Execute_Sql.csproj", "{85BE9637-4D1C-41BB-AD39-7F4900C69B4A}"
EndProject
Project("{FAE04EC0-301F-11D3-BF4B-00C04F79EFBC}") = "005_Stored_Procedure", "005_Stored_Procedure\005_Stored_Procedure.csproj", "{2328873B-C310-4A9A-B741-24CDBA933568}"
EndProject
Project("{FAE04EC0-301F-11D3-BF4B-00C04F79EFBC}") = "006_ToSql", "006_ToSql\006_ToSql.csproj", "{5759546D-5F37-488A-9E86-82E55763B42F}"
EndProject
Global
	GlobalSection(SolutionConfigurationPlatforms) = preSolution
		Debug|Any CPU = Debug|Any CPU
		Release|Any CPU = Release|Any CPU
	EndGlobalSection
	GlobalSection(ProjectConfigurationPlatforms) = postSolution
		{66494451-51BA-48B9-95C9-1B0FBE494528}.Debug|Any CPU.ActiveCfg = Debug|Any CPU
		{66494451-51BA-48B9-95C9-1B0FBE494528}.Debug|Any CPU.Build.0 = Debug|Any CPU
		{66494451-51BA-48B9-95C9-1B0FBE494528}.Release|Any CPU.ActiveCfg = Release|Any CPU
		{66494451-51BA-48B9-95C9-1B0FBE494528}.Release|Any CPU.Build.0 = Release|Any CPU
		{8A44E3C3-0B34-4E95-B4A2-61CF9EE3DCF8}.Debug|Any CPU.ActiveCfg = Debug|Any CPU
		{8A44E3C3-0B34-4E95-B4A2-61CF9EE3DCF8}.Debug|Any CPU.Build.0 = Debug|Any CPU
		{8A44E3C3-0B34-4E95-B4A2-61CF9EE3DCF8}.Release|Any CPU.ActiveCfg = Release|Any CPU
		{8A44E3C3-0B34-4E95-B4A2-61CF9EE3DCF8}.Release|Any CPU.Build.0 = Release|Any CPU
		{FA998091-2F43-40A3-8962-A93A5FFE3FBB}.Debug|Any CPU.ActiveCfg = Debug|Any CPU
		{FA998091-2F43-40A3-8962-A93A5FFE3FBB}.Debug|Any CPU.Build.0 = Debug|Any CPU
		{FA998091-2F43-40A3-8962-A93A5FFE3FBB}.Release|Any CPU.ActiveCfg = Release|Any CPU
		{FA998091-2F43-40A3-8962-A93A5FFE3FBB}.Release|Any CPU.Build.0 = Release|Any CPU
		{90B660B1-2DE9-4D87-A69D-A56602B38179}.Debug|Any CPU.ActiveCfg = Debug|Any CPU
		{90B660B1-2DE9-4D87-A69D-A56602B38179}.Debug|Any CPU.Build.0 = Debug|Any CPU
		{90B660B1-2DE9-4D87-A69D-A56602B38179}.Release|Any CPU.ActiveCfg = Release|Any CPU
		{90B660B1-2DE9-4D87-A69D-A56602B38179}.Release|Any CPU.Build.0 = Release|Any CPU
		{ABFB1525-DFF2-4343-ADBC-B6435BB4EF9F}.Debug|Any CPU.ActiveCfg = Debug|Any CPU
		{ABFB1525-DFF2-4343-ADBC-B6435BB4EF9F}.Debug|Any CPU.Build.0 = Debug|Any CPU
		{ABFB1525-DFF2-4343-ADBC-B6435BB4EF9F}.Release|Any CPU.ActiveCfg = Release|Any CPU
		{ABFB1525-DFF2-4343-ADBC-B6435BB4EF9F}.Release|Any CPU.Build.0 = Release|Any CPU
		{2AEA8CF2-9F0B-4E06-A625-B083B87EF290}.Debug|Any CPU.ActiveCfg = Debug|Any CPU
		{2AEA8CF2-9F0B-4E06-A625-B083B87EF290}.Debug|Any CPU.Build.0 = Debug|Any CPU
		{2AEA8CF2-9F0B-4E06-A625-B083B87EF290}.Release|Any CPU.ActiveCfg = Release|Any CPU
		{2AEA8CF2-9F0B-4E06-A625-B083B87EF290}.Release|Any CPU.Build.0 = Release|Any CPU
		{F6CAF319-C033-4C8C-BD98-FBE43C67A8FC}.Debug|Any CPU.ActiveCfg = Debug|Any CPU
		{F6CAF319-C033-4C8C-BD98-FBE43C67A8FC}.Debug|Any CPU.Build.0 = Debug|Any CPU
		{F6CAF319-C033-4C8C-BD98-FBE43C67A8FC}.Release|Any CPU.ActiveCfg = Release|Any CPU
		{F6CAF319-C033-4C8C-BD98-FBE43C67A8FC}.Release|Any CPU.Build.0 = Release|Any CPU
		{D59B0059-C332-4BAA-AD2C-565A6AF17899}.Debug|Any CPU.ActiveCfg = Debug|Any CPU
		{D59B0059-C332-4BAA-AD2C-565A6AF17899}.Debug|Any CPU.Build.0 = Debug|Any CPU
		{D59B0059-C332-4BAA-AD2C-565A6AF17899}.Release|Any CPU.ActiveCfg = Release|Any CPU
		{D59B0059-C332-4BAA-AD2C-565A6AF17899}.Release|Any CPU.Build.0 = Release|Any CPU
		{0E6CBD07-21FF-409C-A78D-20D07D39CBBC}.Debug|Any CPU.ActiveCfg = Debug|Any CPU
		{0E6CBD07-21FF-409C-A78D-20D07D39CBBC}.Debug|Any CPU.Build.0 = Debug|Any CPU
		{0E6CBD07-21FF-409C-A78D-20D07D39CBBC}.Release|Any CPU.ActiveCfg = Release|Any CPU
		{0E6CBD07-21FF-409C-A78D-20D07D39CBBC}.Release|Any CPU.Build.0 = Release|Any CPU
		{C7D9E964-C434-4169-B867-060E8AB5D7D4}.Debug|Any CPU.ActiveCfg = Debug|Any CPU
		{C7D9E964-C434-4169-B867-060E8AB5D7D4}.Debug|Any CPU.Build.0 = Debug|Any CPU
		{C7D9E964-C434-4169-B867-060E8AB5D7D4}.Release|Any CPU.ActiveCfg = Release|Any CPU
		{C7D9E964-C434-4169-B867-060E8AB5D7D4}.Release|Any CPU.Build.0 = Release|Any CPU
		{9A2B2BEE-F3DA-4684-8308-083388AA1260}.Debug|Any CPU.ActiveCfg = Debug|Any CPU
		{9A2B2BEE-F3DA-4684-8308-083388AA1260}.Debug|Any CPU.Build.0 = Debug|Any CPU
		{9A2B2BEE-F3DA-4684-8308-083388AA1260}.Release|Any CPU.ActiveCfg = Release|Any CPU
		{9A2B2BEE-F3DA-4684-8308-083388AA1260}.Release|Any CPU.Build.0 = Release|Any CPU
		{B9BCC21D-946B-4EB5-8307-B3647B959507}.Debug|Any CPU.ActiveCfg = Debug|Any CPU
		{B9BCC21D-946B-4EB5-8307-B3647B959507}.Debug|Any CPU.Build.0 = Debug|Any CPU
		{B9BCC21D-946B-4EB5-8307-B3647B959507}.Release|Any CPU.ActiveCfg = Release|Any CPU
		{B9BCC21D-946B-4EB5-8307-B3647B959507}.Release|Any CPU.Build.0 = Release|Any CPU
		{ADDBC2B6-3914-4A08-A1A0-ECDCB2FC7332}.Debug|Any CPU.ActiveCfg = Debug|Any CPU
		{ADDBC2B6-3914-4A08-A1A0-ECDCB2FC7332}.Debug|Any CPU.Build.0 = Debug|Any CPU
		{ADDBC2B6-3914-4A08-A1A0-ECDCB2FC7332}.Release|Any CPU.ActiveCfg = Release|Any CPU
		{ADDBC2B6-3914-4A08-A1A0-ECDCB2FC7332}.Release|Any CPU.Build.0 = Release|Any CPU
		{26D2FD62-7C4F-4E63-B910-2AF18454EB97}.Debug|Any CPU.ActiveCfg = Debug|Any CPU
		{26D2FD62-7C4F-4E63-B910-2AF18454EB97}.Debug|Any CPU.Build.0 = Debug|Any CPU
		{26D2FD62-7C4F-4E63-B910-2AF18454EB97}.Release|Any CPU.ActiveCfg = Release|Any CPU
		{26D2FD62-7C4F-4E63-B910-2AF18454EB97}.Release|Any CPU.Build.0 = Release|Any CPU
		{75ABDB1A-AF1E-4447-9428-DFE141851EC2}.Debug|Any CPU.ActiveCfg = Debug|Any CPU
		{75ABDB1A-AF1E-4447-9428-DFE141851EC2}.Debug|Any CPU.Build.0 = Debug|Any CPU
		{75ABDB1A-AF1E-4447-9428-DFE141851EC2}.Release|Any CPU.ActiveCfg = Release|Any CPU
		{75ABDB1A-AF1E-4447-9428-DFE141851EC2}.Release|Any CPU.Build.0 = Release|Any CPU
		{EF22D1D0-B4C3-4E01-958F-FE0D525B329B}.Debug|Any CPU.ActiveCfg = Debug|Any CPU
		{EF22D1D0-B4C3-4E01-958F-FE0D525B329B}.Debug|Any CPU.Build.0 = Debug|Any CPU
		{EF22D1D0-B4C3-4E01-958F-FE0D525B329B}.Release|Any CPU.ActiveCfg = Release|Any CPU
		{EF22D1D0-B4C3-4E01-958F-FE0D525B329B}.Release|Any CPU.Build.0 = Release|Any CPU
		{2C458D0D-A113-46A2-A3E3-525B60AFDF8A}.Debug|Any CPU.ActiveCfg = Debug|Any CPU
		{2C458D0D-A113-46A2-A3E3-525B60AFDF8A}.Debug|Any CPU.Build.0 = Debug|Any CPU
		{2C458D0D-A113-46A2-A3E3-525B60AFDF8A}.Release|Any CPU.ActiveCfg = Release|Any CPU
		{2C458D0D-A113-46A2-A3E3-525B60AFDF8A}.Release|Any CPU.Build.0 = Release|Any CPU
		{4EC0D473-CEE3-4BB5-9BDE-E222677BB3CD}.Debug|Any CPU.ActiveCfg = Debug|Any CPU
		{4EC0D473-CEE3-4BB5-9BDE-E222677BB3CD}.Debug|Any CPU.Build.0 = Debug|Any CPU
		{4EC0D473-CEE3-4BB5-9BDE-E222677BB3CD}.Release|Any CPU.ActiveCfg = Release|Any CPU
		{4EC0D473-CEE3-4BB5-9BDE-E222677BB3CD}.Release|Any CPU.Build.0 = Release|Any CPU
		{64F912B9-7ADF-4A7B-9A80-0F46127630D6}.Debug|Any CPU.ActiveCfg = Debug|Any CPU
		{64F912B9-7ADF-4A7B-9A80-0F46127630D6}.Debug|Any CPU.Build.0 = Debug|Any CPU
		{64F912B9-7ADF-4A7B-9A80-0F46127630D6}.Release|Any CPU.ActiveCfg = Release|Any CPU
		{64F912B9-7ADF-4A7B-9A80-0F46127630D6}.Release|Any CPU.Build.0 = Release|Any CPU
		{49CB0C5C-6479-4F41-8D75-482B43FDE4B7}.Debug|Any CPU.ActiveCfg = Debug|Any CPU
		{49CB0C5C-6479-4F41-8D75-482B43FDE4B7}.Debug|Any CPU.Build.0 = Debug|Any CPU
		{49CB0C5C-6479-4F41-8D75-482B43FDE4B7}.Release|Any CPU.ActiveCfg = Release|Any CPU
		{49CB0C5C-6479-4F41-8D75-482B43FDE4B7}.Release|Any CPU.Build.0 = Release|Any CPU
		{2225E61F-7E58-49A0-8EFC-642F80D78E45}.Debug|Any CPU.ActiveCfg = Debug|Any CPU
		{2225E61F-7E58-49A0-8EFC-642F80D78E45}.Debug|Any CPU.Build.0 = Debug|Any CPU
		{2225E61F-7E58-49A0-8EFC-642F80D78E45}.Release|Any CPU.ActiveCfg = Release|Any CPU
		{2225E61F-7E58-49A0-8EFC-642F80D78E45}.Release|Any CPU.Build.0 = Release|Any CPU
		{C0E7F3AD-C1CF-48A3-BE78-614FA1349EF2}.Debug|Any CPU.ActiveCfg = Debug|Any CPU
		{C0E7F3AD-C1CF-48A3-BE78-614FA1349EF2}.Debug|Any CPU.Build.0 = Debug|Any CPU
		{C0E7F3AD-C1CF-48A3-BE78-614FA1349EF2}.Release|Any CPU.ActiveCfg = Release|Any CPU
		{C0E7F3AD-C1CF-48A3-BE78-614FA1349EF2}.Release|Any CPU.Build.0 = Release|Any CPU
		{AEBB2757-18D4-4BC9-A78D-09665DAD0240}.Debug|Any CPU.ActiveCfg = Debug|Any CPU
		{AEBB2757-18D4-4BC9-A78D-09665DAD0240}.Debug|Any CPU.Build.0 = Debug|Any CPU
		{AEBB2757-18D4-4BC9-A78D-09665DAD0240}.Release|Any CPU.ActiveCfg = Release|Any CPU
		{AEBB2757-18D4-4BC9-A78D-09665DAD0240}.Release|Any CPU.Build.0 = Release|Any CPU
		{4FEAEC8C-88B4-46DD-B5C3-0305E6D794D8}.Debug|Any CPU.ActiveCfg = Debug|Any CPU
		{4FEAEC8C-88B4-46DD-B5C3-0305E6D794D8}.Debug|Any CPU.Build.0 = Debug|Any CPU
		{4FEAEC8C-88B4-46DD-B5C3-0305E6D794D8}.Release|Any CPU.ActiveCfg = Release|Any CPU
		{4FEAEC8C-88B4-46DD-B5C3-0305E6D794D8}.Release|Any CPU.Build.0 = Release|Any CPU
		{A3C3F65D-0154-48AD-81B9-55FDCC1D2AED}.Debug|Any CPU.ActiveCfg = Debug|Any CPU
		{A3C3F65D-0154-48AD-81B9-55FDCC1D2AED}.Debug|Any CPU.Build.0 = Debug|Any CPU
		{A3C3F65D-0154-48AD-81B9-55FDCC1D2AED}.Release|Any CPU.ActiveCfg = Release|Any CPU
		{A3C3F65D-0154-48AD-81B9-55FDCC1D2AED}.Release|Any CPU.Build.0 = Release|Any CPU
		{62C72EA6-207B-4F2A-9C19-160DE5A5F876}.Debug|Any CPU.ActiveCfg = Debug|Any CPU
		{62C72EA6-207B-4F2A-9C19-160DE5A5F876}.Debug|Any CPU.Build.0 = Debug|Any CPU
		{62C72EA6-207B-4F2A-9C19-160DE5A5F876}.Release|Any CPU.ActiveCfg = Release|Any CPU
		{62C72EA6-207B-4F2A-9C19-160DE5A5F876}.Release|Any CPU.Build.0 = Release|Any CPU
		{E8B99D92-C54C-4645-BF22-BE67D412796A}.Debug|Any CPU.ActiveCfg = Debug|Any CPU
		{E8B99D92-C54C-4645-BF22-BE67D412796A}.Debug|Any CPU.Build.0 = Debug|Any CPU
		{E8B99D92-C54C-4645-BF22-BE67D412796A}.Release|Any CPU.ActiveCfg = Release|Any CPU
		{E8B99D92-C54C-4645-BF22-BE67D412796A}.Release|Any CPU.Build.0 = Release|Any CPU
		{81A064A1-A374-4F43-B002-09DDDFDADE4B}.Debug|Any CPU.ActiveCfg = Debug|Any CPU
		{81A064A1-A374-4F43-B002-09DDDFDADE4B}.Debug|Any CPU.Build.0 = Debug|Any CPU
		{81A064A1-A374-4F43-B002-09DDDFDADE4B}.Release|Any CPU.ActiveCfg = Release|Any CPU
		{81A064A1-A374-4F43-B002-09DDDFDADE4B}.Release|Any CPU.Build.0 = Release|Any CPU
		{EF3B65F5-B9B3-409A-9A75-7B6D3FA06FAD}.Debug|Any CPU.ActiveCfg = Debug|Any CPU
		{EF3B65F5-B9B3-409A-9A75-7B6D3FA06FAD}.Debug|Any CPU.Build.0 = Debug|Any CPU
		{EF3B65F5-B9B3-409A-9A75-7B6D3FA06FAD}.Release|Any CPU.ActiveCfg = Release|Any CPU
		{EF3B65F5-B9B3-409A-9A75-7B6D3FA06FAD}.Release|Any CPU.Build.0 = Release|Any CPU
		{597422C0-48E7-4D07-99E5-3021E27F3EF2}.Debug|Any CPU.ActiveCfg = Debug|Any CPU
		{597422C0-48E7-4D07-99E5-3021E27F3EF2}.Debug|Any CPU.Build.0 = Debug|Any CPU
		{597422C0-48E7-4D07-99E5-3021E27F3EF2}.Release|Any CPU.ActiveCfg = Release|Any CPU
		{597422C0-48E7-4D07-99E5-3021E27F3EF2}.Release|Any CPU.Build.0 = Release|Any CPU
		{F270BB42-675E-4829-A90A-EEE1FC3F07E0}.Debug|Any CPU.ActiveCfg = Debug|Any CPU
		{F270BB42-675E-4829-A90A-EEE1FC3F07E0}.Debug|Any CPU.Build.0 = Debug|Any CPU
		{F270BB42-675E-4829-A90A-EEE1FC3F07E0}.Release|Any CPU.ActiveCfg = Release|Any CPU
		{F270BB42-675E-4829-A90A-EEE1FC3F07E0}.Release|Any CPU.Build.0 = Release|Any CPU
		{EDA9C203-A42A-4026-AB83-291BED7C7A4A}.Debug|Any CPU.ActiveCfg = Debug|Any CPU
		{EDA9C203-A42A-4026-AB83-291BED7C7A4A}.Debug|Any CPU.Build.0 = Debug|Any CPU
		{EDA9C203-A42A-4026-AB83-291BED7C7A4A}.Release|Any CPU.ActiveCfg = Release|Any CPU
		{EDA9C203-A42A-4026-AB83-291BED7C7A4A}.Release|Any CPU.Build.0 = Release|Any CPU
		{939F2D38-514D-45BB-90AE-CFD97CAEF9D7}.Debug|Any CPU.ActiveCfg = Debug|Any CPU
		{939F2D38-514D-45BB-90AE-CFD97CAEF9D7}.Debug|Any CPU.Build.0 = Debug|Any CPU
		{939F2D38-514D-45BB-90AE-CFD97CAEF9D7}.Release|Any CPU.ActiveCfg = Release|Any CPU
		{939F2D38-514D-45BB-90AE-CFD97CAEF9D7}.Release|Any CPU.Build.0 = Release|Any CPU
		{5C8979B0-2521-40CC-A11B-FB612CB73B7D}.Debug|Any CPU.ActiveCfg = Debug|Any CPU
		{5C8979B0-2521-40CC-A11B-FB612CB73B7D}.Debug|Any CPU.Build.0 = Debug|Any CPU
		{5C8979B0-2521-40CC-A11B-FB612CB73B7D}.Release|Any CPU.ActiveCfg = Release|Any CPU
		{5C8979B0-2521-40CC-A11B-FB612CB73B7D}.Release|Any CPU.Build.0 = Release|Any CPU
		{40AD4DBB-E704-401E-B4E1-64823833B87A}.Debug|Any CPU.ActiveCfg = Debug|Any CPU
		{40AD4DBB-E704-401E-B4E1-64823833B87A}.Debug|Any CPU.Build.0 = Debug|Any CPU
		{40AD4DBB-E704-401E-B4E1-64823833B87A}.Release|Any CPU.ActiveCfg = Release|Any CPU
		{40AD4DBB-E704-401E-B4E1-64823833B87A}.Release|Any CPU.Build.0 = Release|Any CPU
		{83E81CD6-6D2A-4A63-A4F2-48570D15262B}.Debug|Any CPU.ActiveCfg = Debug|Any CPU
		{83E81CD6-6D2A-4A63-A4F2-48570D15262B}.Debug|Any CPU.Build.0 = Debug|Any CPU
		{83E81CD6-6D2A-4A63-A4F2-48570D15262B}.Release|Any CPU.ActiveCfg = Release|Any CPU
		{83E81CD6-6D2A-4A63-A4F2-48570D15262B}.Release|Any CPU.Build.0 = Release|Any CPU
		{7EE34A88-B675-4F08-8E30-F0ADB0C427F2}.Debug|Any CPU.ActiveCfg = Debug|Any CPU
		{7EE34A88-B675-4F08-8E30-F0ADB0C427F2}.Debug|Any CPU.Build.0 = Debug|Any CPU
		{7EE34A88-B675-4F08-8E30-F0ADB0C427F2}.Release|Any CPU.ActiveCfg = Release|Any CPU
		{7EE34A88-B675-4F08-8E30-F0ADB0C427F2}.Release|Any CPU.Build.0 = Release|Any CPU
		{DAA3638A-6A31-416B-87F1-88AA5FE76870}.Debug|Any CPU.ActiveCfg = Debug|Any CPU
		{DAA3638A-6A31-416B-87F1-88AA5FE76870}.Debug|Any CPU.Build.0 = Debug|Any CPU
		{DAA3638A-6A31-416B-87F1-88AA5FE76870}.Release|Any CPU.ActiveCfg = Release|Any CPU
		{DAA3638A-6A31-416B-87F1-88AA5FE76870}.Release|Any CPU.Build.0 = Release|Any CPU
		{58F4CAD0-063B-4DEC-BFD1-44548C340A71}.Debug|Any CPU.ActiveCfg = Debug|Any CPU
		{58F4CAD0-063B-4DEC-BFD1-44548C340A71}.Debug|Any CPU.Build.0 = Debug|Any CPU
		{58F4CAD0-063B-4DEC-BFD1-44548C340A71}.Release|Any CPU.ActiveCfg = Release|Any CPU
		{58F4CAD0-063B-4DEC-BFD1-44548C340A71}.Release|Any CPU.Build.0 = Release|Any CPU
		{0000E6E2-47E9-46AC-A099-830DC09E717E}.Debug|Any CPU.ActiveCfg = Debug|Any CPU
		{0000E6E2-47E9-46AC-A099-830DC09E717E}.Debug|Any CPU.Build.0 = Debug|Any CPU
		{0000E6E2-47E9-46AC-A099-830DC09E717E}.Release|Any CPU.ActiveCfg = Release|Any CPU
		{0000E6E2-47E9-46AC-A099-830DC09E717E}.Release|Any CPU.Build.0 = Release|Any CPU
		{FD81E2AB-1912-4454-AF94-68995CA46976}.Debug|Any CPU.ActiveCfg = Debug|Any CPU
		{FD81E2AB-1912-4454-AF94-68995CA46976}.Debug|Any CPU.Build.0 = Debug|Any CPU
		{FD81E2AB-1912-4454-AF94-68995CA46976}.Release|Any CPU.ActiveCfg = Release|Any CPU
		{FD81E2AB-1912-4454-AF94-68995CA46976}.Release|Any CPU.Build.0 = Release|Any CPU
		{31B2166B-57E1-4322-A257-CD005FF1CC83}.Debug|Any CPU.ActiveCfg = Debug|Any CPU
		{31B2166B-57E1-4322-A257-CD005FF1CC83}.Debug|Any CPU.Build.0 = Debug|Any CPU
		{31B2166B-57E1-4322-A257-CD005FF1CC83}.Release|Any CPU.ActiveCfg = Release|Any CPU
		{31B2166B-57E1-4322-A257-CD005FF1CC83}.Release|Any CPU.Build.0 = Release|Any CPU
		{F3A20058-7D3A-45F2-83B5-A773645DE2DA}.Debug|Any CPU.ActiveCfg = Debug|Any CPU
		{F3A20058-7D3A-45F2-83B5-A773645DE2DA}.Debug|Any CPU.Build.0 = Debug|Any CPU
		{F3A20058-7D3A-45F2-83B5-A773645DE2DA}.Release|Any CPU.ActiveCfg = Release|Any CPU
		{F3A20058-7D3A-45F2-83B5-A773645DE2DA}.Release|Any CPU.Build.0 = Release|Any CPU
		{F065D3B0-99BD-4D33-8343-2C47FFAF34D1}.Debug|Any CPU.ActiveCfg = Debug|Any CPU
		{F065D3B0-99BD-4D33-8343-2C47FFAF34D1}.Debug|Any CPU.Build.0 = Debug|Any CPU
		{F065D3B0-99BD-4D33-8343-2C47FFAF34D1}.Release|Any CPU.ActiveCfg = Release|Any CPU
		{F065D3B0-99BD-4D33-8343-2C47FFAF34D1}.Release|Any CPU.Build.0 = Release|Any CPU
		{8145EB62-646D-4E40-AA45-841D53408B05}.Debug|Any CPU.ActiveCfg = Debug|Any CPU
		{8145EB62-646D-4E40-AA45-841D53408B05}.Debug|Any CPU.Build.0 = Debug|Any CPU
		{8145EB62-646D-4E40-AA45-841D53408B05}.Release|Any CPU.ActiveCfg = Release|Any CPU
		{8145EB62-646D-4E40-AA45-841D53408B05}.Release|Any CPU.Build.0 = Release|Any CPU
		{85BE9637-4D1C-41BB-AD39-7F4900C69B4A}.Debug|Any CPU.ActiveCfg = Debug|Any CPU
		{85BE9637-4D1C-41BB-AD39-7F4900C69B4A}.Debug|Any CPU.Build.0 = Debug|Any CPU
		{85BE9637-4D1C-41BB-AD39-7F4900C69B4A}.Release|Any CPU.ActiveCfg = Release|Any CPU
		{85BE9637-4D1C-41BB-AD39-7F4900C69B4A}.Release|Any CPU.Build.0 = Release|Any CPU
		{2328873B-C310-4A9A-B741-24CDBA933568}.Debug|Any CPU.ActiveCfg = Debug|Any CPU
		{2328873B-C310-4A9A-B741-24CDBA933568}.Debug|Any CPU.Build.0 = Debug|Any CPU
		{2328873B-C310-4A9A-B741-24CDBA933568}.Release|Any CPU.ActiveCfg = Release|Any CPU
		{2328873B-C310-4A9A-B741-24CDBA933568}.Release|Any CPU.Build.0 = Release|Any CPU
		{5759546D-5F37-488A-9E86-82E55763B42F}.Debug|Any CPU.ActiveCfg = Debug|Any CPU
		{5759546D-5F37-488A-9E86-82E55763B42F}.Debug|Any CPU.Build.0 = Debug|Any CPU
		{5759546D-5F37-488A-9E86-82E55763B42F}.Release|Any CPU.ActiveCfg = Release|Any CPU
		{5759546D-5F37-488A-9E86-82E55763B42F}.Release|Any CPU.Build.0 = Release|Any CPU
	EndGlobalSection
	GlobalSection(SolutionProperties) = preSolution
		HideSolutionNode = FALSE
	EndGlobalSection
	GlobalSection(NestedProjects) = preSolution
		{66494451-51BA-48B9-95C9-1B0FBE494528} = {6C4FD2CF-6B6D-48B9-BE40-7611A7B39DDC}
		{8A44E3C3-0B34-4E95-B4A2-61CF9EE3DCF8} = {6C4FD2CF-6B6D-48B9-BE40-7611A7B39DDC}
		{FA998091-2F43-40A3-8962-A93A5FFE3FBB} = {6C4FD2CF-6B6D-48B9-BE40-7611A7B39DDC}
		{90B660B1-2DE9-4D87-A69D-A56602B38179} = {6C4FD2CF-6B6D-48B9-BE40-7611A7B39DDC}
		{ABFB1525-DFF2-4343-ADBC-B6435BB4EF9F} = {6C4FD2CF-6B6D-48B9-BE40-7611A7B39DDC}
		{2AEA8CF2-9F0B-4E06-A625-B083B87EF290} = {557FB02F-1DDA-4365-8BE1-D5B4278C136C}
		{F6CAF319-C033-4C8C-BD98-FBE43C67A8FC} = {557FB02F-1DDA-4365-8BE1-D5B4278C136C}
		{D59B0059-C332-4BAA-AD2C-565A6AF17899} = {557FB02F-1DDA-4365-8BE1-D5B4278C136C}
		{0E6CBD07-21FF-409C-A78D-20D07D39CBBC} = {557FB02F-1DDA-4365-8BE1-D5B4278C136C}
		{C7D9E964-C434-4169-B867-060E8AB5D7D4} = {557FB02F-1DDA-4365-8BE1-D5B4278C136C}
		{9A2B2BEE-F3DA-4684-8308-083388AA1260} = {557FB02F-1DDA-4365-8BE1-D5B4278C136C}
		{B9BCC21D-946B-4EB5-8307-B3647B959507} = {557FB02F-1DDA-4365-8BE1-D5B4278C136C}
		{ADDBC2B6-3914-4A08-A1A0-ECDCB2FC7332} = {557FB02F-1DDA-4365-8BE1-D5B4278C136C}
		{26D2FD62-7C4F-4E63-B910-2AF18454EB97} = {557FB02F-1DDA-4365-8BE1-D5B4278C136C}
		{75ABDB1A-AF1E-4447-9428-DFE141851EC2} = {557FB02F-1DDA-4365-8BE1-D5B4278C136C}
		{EF22D1D0-B4C3-4E01-958F-FE0D525B329B} = {557FB02F-1DDA-4365-8BE1-D5B4278C136C}
		{2C458D0D-A113-46A2-A3E3-525B60AFDF8A} = {D875DAFD-0C07-498C-B3AD-56612247E7F8}
		{4EC0D473-CEE3-4BB5-9BDE-E222677BB3CD} = {D875DAFD-0C07-498C-B3AD-56612247E7F8}
		{64F912B9-7ADF-4A7B-9A80-0F46127630D6} = {D875DAFD-0C07-498C-B3AD-56612247E7F8}
		{49CB0C5C-6479-4F41-8D75-482B43FDE4B7} = {D875DAFD-0C07-498C-B3AD-56612247E7F8}
		{2225E61F-7E58-49A0-8EFC-642F80D78E45} = {D875DAFD-0C07-498C-B3AD-56612247E7F8}
		{C0E7F3AD-C1CF-48A3-BE78-614FA1349EF2} = {D875DAFD-0C07-498C-B3AD-56612247E7F8}
		{AEBB2757-18D4-4BC9-A78D-09665DAD0240} = {D875DAFD-0C07-498C-B3AD-56612247E7F8}
		{4FEAEC8C-88B4-46DD-B5C3-0305E6D794D8} = {D875DAFD-0C07-498C-B3AD-56612247E7F8}
		{A3C3F65D-0154-48AD-81B9-55FDCC1D2AED} = {D875DAFD-0C07-498C-B3AD-56612247E7F8}
		{62C72EA6-207B-4F2A-9C19-160DE5A5F876} = {D875DAFD-0C07-498C-B3AD-56612247E7F8}
		{E8B99D92-C54C-4645-BF22-BE67D412796A} = {D875DAFD-0C07-498C-B3AD-56612247E7F8}
		{81A064A1-A374-4F43-B002-09DDDFDADE4B} = {D875DAFD-0C07-498C-B3AD-56612247E7F8}
		{EF3B65F5-B9B3-409A-9A75-7B6D3FA06FAD} = {D875DAFD-0C07-498C-B3AD-56612247E7F8}
		{597422C0-48E7-4D07-99E5-3021E27F3EF2} = {04D22BA7-B0DB-4C8F-AD17-A1BCADC42B14}
		{F270BB42-675E-4829-A90A-EEE1FC3F07E0} = {04D22BA7-B0DB-4C8F-AD17-A1BCADC42B14}
		{EDA9C203-A42A-4026-AB83-291BED7C7A4A} = {04D22BA7-B0DB-4C8F-AD17-A1BCADC42B14}
		{939F2D38-514D-45BB-90AE-CFD97CAEF9D7} = {04D22BA7-B0DB-4C8F-AD17-A1BCADC42B14}
		{5C8979B0-2521-40CC-A11B-FB612CB73B7D} = {04D22BA7-B0DB-4C8F-AD17-A1BCADC42B14}
		{40AD4DBB-E704-401E-B4E1-64823833B87A} = {04D22BA7-B0DB-4C8F-AD17-A1BCADC42B14}
		{83E81CD6-6D2A-4A63-A4F2-48570D15262B} = {04D22BA7-B0DB-4C8F-AD17-A1BCADC42B14}
		{7EE34A88-B675-4F08-8E30-F0ADB0C427F2} = {04D22BA7-B0DB-4C8F-AD17-A1BCADC42B14}
		{DAA3638A-6A31-416B-87F1-88AA5FE76870} = {04D22BA7-B0DB-4C8F-AD17-A1BCADC42B14}
		{58F4CAD0-063B-4DEC-BFD1-44548C340A71} = {04D22BA7-B0DB-4C8F-AD17-A1BCADC42B14}
		{0000E6E2-47E9-46AC-A099-830DC09E717E} = {04D22BA7-B0DB-4C8F-AD17-A1BCADC42B14}
		{FD81E2AB-1912-4454-AF94-68995CA46976} = {04D22BA7-B0DB-4C8F-AD17-A1BCADC42B14}
		{31B2166B-57E1-4322-A257-CD005FF1CC83} = {8BE95BB0-862F-4EFB-AF20-944B30ABA035}
		{F3A20058-7D3A-45F2-83B5-A773645DE2DA} = {8BE95BB0-862F-4EFB-AF20-944B30ABA035}
		{F065D3B0-99BD-4D33-8343-2C47FFAF34D1} = {8BE95BB0-862F-4EFB-AF20-944B30ABA035}
		{8145EB62-646D-4E40-AA45-841D53408B05} = {8BE95BB0-862F-4EFB-AF20-944B30ABA035}
		{85BE9637-4D1C-41BB-AD39-7F4900C69B4A} = {8BE95BB0-862F-4EFB-AF20-944B30ABA035}
		{2328873B-C310-4A9A-B741-24CDBA933568} = {8BE95BB0-862F-4EFB-AF20-944B30ABA035}
		{5759546D-5F37-488A-9E86-82E55763B42F} = {8BE95BB0-862F-4EFB-AF20-944B30ABA035}
	EndGlobalSection
	GlobalSection(ExtensibilityGlobals) = postSolution
		SolutionGuid = {8B547F39-51A6-44F7-A9EF-5685941482F5}
	EndGlobalSection
EndGlobal
