
Microsoft Visual Studio Solution File, Format Version 12.00
# Visual Studio Version 17
VisualStudioVersion = 17.4.33213.308
MinimumVisualStudioVersion = 10.0.40219.1
Project("{9A19103F-16F7-4668-BE54-9A1E7A4F7556}") = "001_Introduction", "001_Introduction\001_Introduction.csproj", "{66494451-51BA-48B9-95C9-1B0FBE494528}"
EndProject
Project("{2150E333-8FDC-42A3-9474-1A3956D46DE8}") = "001_EF_Introduction", "001_EF_Introduction", "{6C4FD2CF-6B6D-48B9-BE40-7611A7B39DDC}"
EndProject
Project("{9A19103F-16F7-4668-BE54-9A1E7A4F7556}") = "002_DbFirst", "002_DbFirst\002_DbFirst.csproj", "{8A44E3C3-0B34-4E95-B4A2-61CF9EE3DCF8}"
EndProject
Project("{9A19103F-16F7-4668-BE54-9A1E7A4F7556}") = "003_CRUD", "003_CRUD\003_CRUD.csproj", "{FA998091-2F43-40A3-8962-A93A5FFE3FBB}"
EndProject
Project("{9A19103F-16F7-4668-BE54-9A1E7A4F7556}") = "004_Config", "004_Config\004_Config.csproj", "{90B660B1-2DE9-4D87-A69D-A56602B38179}"
EndProject
Project("{9A19103F-16F7-4668-BE54-9A1E7A4F7556}") = "005_Migration", "005_Migration\005_Migration.csproj", "{ABFB1525-DFF2-4343-ADBC-B6435BB4EF9F}"
EndProject
Project("{2150E333-8FDC-42A3-9474-1A3956D46DE8}") = "002_Modeling", "002_Modeling", "{557FB02F-1DDA-4365-8BE1-D5B4278C136C}"
EndProject
Project("{9A19103F-16F7-4668-BE54-9A1E7A4F7556}") = "001_Model_Definition", "001_Model_Definition\001_Model_Definition.csproj", "{2AEA8CF2-9F0B-4E06-A625-B083B87EF290}"
EndProject
Project("{9A19103F-16F7-4668-BE54-9A1E7A4F7556}") = "002_Data_Annotations", "002_Data_Annotations\002_Data_Annotations.csproj", "{F6CAF319-C033-4C8C-BD98-FBE43C67A8FC}"
EndProject
Project("{9A19103F-16F7-4668-BE54-9A1E7A4F7556}") = "003_Fluent_Api", "003_Fluent_Api\003_Fluent_Api.csproj", "{D59B0059-C332-4BAA-AD2C-565A6AF17899}"
EndProject
Project("{2150E333-8FDC-42A3-9474-1A3956D46DE8}") = "003_Model_Relation_Inheritance", "003_Model_Relation_Inheritance", "{D875DAFD-0C07-498C-B3AD-56612247E7F8}"
EndProject
Project("{9A19103F-16F7-4668-BE54-9A1E7A4F7556}") = "004_Model_Configuration", "004_Model_Configuration\004_Model_Configuration.csproj", "{0E6CBD07-21FF-409C-A78D-20D07D39CBBC}"
EndProject
Project("{9A19103F-16F7-4668-BE54-9A1E7A4F7556}") = "005_Keys", "005_Keys\005_Keys.csproj", "{C7D9E964-C434-4169-B867-060E8AB5D7D4}"
EndProject
Project("{9A19103F-16F7-4668-BE54-9A1E7A4F7556}") = "006_Indexes", "006_Indexes\006_Indexes.csproj", "{9A2B2BEE-F3DA-4684-8308-083388AA1260}"
EndProject
Project("{9A19103F-16F7-4668-BE54-9A1E7A4F7556}") = "007_Shadow_Properties", "007_Shadow_Properties\007_Shadow_Properties.csproj", "{B9BCC21D-946B-4EB5-8307-B3647B959507}"
EndProject
Project("{9A19103F-16F7-4668-BE54-9A1E7A4F7556}") = "008_Reserve_Fields", "008_Reserve_Fields\008_Reserve_Fields.csproj", "{ADDBC2B6-3914-4A08-A1A0-ECDCB2FC7332}"
EndProject
Project("{9A19103F-16F7-4668-BE54-9A1E7A4F7556}") = "009_DB_Initialization", "009_DB_Initialization\009_DB_Initialization.csproj", "{26D2FD62-7C4F-4E63-B910-2AF18454EB97}"
EndProject
Project("{9A19103F-16F7-4668-BE54-9A1E7A4F7556}") = "010_Constructors", "010_Constructors\010_Constructors.csproj", "{75ABDB1A-AF1E-4447-9428-DFE141851EC2}"
EndProject
Project("{9A19103F-16F7-4668-BE54-9A1E7A4F7556}") = "011_Props_Converting", "011_Props_Converting\011_Props_Converting.csproj", "{EF22D1D0-B4C3-4E01-958F-FE0D525B329B}"
EndProject
Project("{2150E333-8FDC-42A3-9474-1A3956D46DE8}") = "004_LINQ_to_Entity", "004_LINQ_to_Entity", "{04D22BA7-B0DB-4C8F-AD17-A1BCADC42B14}"
EndProject
Project("{2150E333-8FDC-42A3-9474-1A3956D46DE8}") = "005_Raw_SQL_Queries", "005_Raw_SQL_Queries", "{8BE95BB0-862F-4EFB-AF20-944B30ABA035}"
EndProject
Project("{9A19103F-16F7-4668-BE54-9A1E7A4F7556}") = "001_Foreign_Keys", "001_Foreign_Keys\001_Foreign_Keys.csproj", "{2C458D0D-A113-46A2-A3E3-525B60AFDF8A}"
EndProject
Project("{2150E333-8FDC-42A3-9474-1A3956D46DE8}") = "Solution Items", "Solution Items", "{C920A669-1762-4004-A7F4-94333538BB3B}"
	ProjectSection(SolutionItems) = preProject
		.gitignore = .gitignore
	EndProjectSection
EndProject
Project("{FAE04EC0-301F-11D3-BF4B-00C04F79EFBC}") = "002_Cascade_Deleting", "002_Cascade_Deleting\002_Cascade_Deleting.csproj", "{4EC0D473-CEE3-4BB5-9BDE-E222677BB3CD}"
EndProject
Project("{FAE04EC0-301F-11D3-BF4B-00C04F79EFBC}") = "003_Eager_Loading", "003_Eager_Loading\003_Eager_Loading.csproj", "{64F912B9-7ADF-4A7B-9A80-0F46127630D6}"
EndProject
Project("{FAE04EC0-301F-11D3-BF4B-00C04F79EFBC}") = "004_Explicit_Loading", "004_Explicit_Loading\004_Explicit_Loading.csproj", "{49CB0C5C-6479-4F41-8D75-482B43FDE4B7}"
EndProject
Project("{FAE04EC0-301F-11D3-BF4B-00C04F79EFBC}") = "005_Lazy_Loading", "005_Lazy_Loading\005_Lazy_Loading.csproj", "{2225E61F-7E58-49A0-8EFC-642F80D78E45}"
EndProject
Project("{FAE04EC0-301F-11D3-BF4B-00C04F79EFBC}") = "006_Table_Separation", "006_Table_Separation\006_Table_Separation.csproj", "{C0E7F3AD-C1CF-48A3-BE78-614FA1349EF2}"
EndProject
Project("{FAE04EC0-301F-11D3-BF4B-00C04F79EFBC}") = "007_One_to_One", "007_One_to_One\007_One_to_One.csproj", "{AEBB2757-18D4-4BC9-A78D-09665DAD0240}"
EndProject
Project("{FAE04EC0-301F-11D3-BF4B-00C04F79EFBC}") = "008_One_to_Many", "008_One_to_Many\008_One_to_Many.csproj", "{4FEAEC8C-88B4-46DD-B5C3-0305E6D794D8}"
EndProject
Project("{FAE04EC0-301F-11D3-BF4B-00C04F79EFBC}") = "009_Many_to_Many", "009_Many_to_Many\009_Many_to_Many.csproj", "{A3C3F65D-0154-48AD-81B9-55FDCC1D2AED}"
EndProject
Project("{FAE04EC0-301F-11D3-BF4B-00C04F79EFBC}") = "010_Many_to_Many_with_Many", "010_Many_to_Many_with_Many\010_Many_to_Many_with_Many.csproj", "{62C72EA6-207B-4F2A-9C19-160DE5A5F876}"
EndProject
Project("{FAE04EC0-301F-11D3-BF4B-00C04F79EFBC}") = "011_TPH", "011_TPH\011_TPH.csproj", "{E8B99D92-C54C-4645-BF22-BE67D412796A}"
EndProject
Project("{FAE04EC0-301F-11D3-BF4B-00C04F79EFBC}") = "012_TPT", "012_TPT\012_TPT.csproj", "{81A064A1-A374-4F43-B002-09DDDFDADE4B}"
EndProject
Project("{FAE04EC0-301F-11D3-BF4B-00C04F79EFBC}") = "013_TPC", "013_TPC\013_TPC.csproj", "{EF3B65F5-B9B3-409A-9A75-7B6D3FA06FAD}"
EndProject
Global
	GlobalSection(SolutionConfigurationPlatforms) = preSolution
		Debug|Any CPU = Debug|Any CPU
		Release|Any CPU = Release|Any CPU
	EndGlobalSection
	GlobalSection(ProjectConfigurationPlatforms) = postSolution
		{66494451-51BA-48B9-95C9-1B0FBE494528}.Debug|Any CPU.ActiveCfg = Debug|Any CPU
		{66494451-51BA-48B9-95C9-1B0FBE494528}.Debug|Any CPU.Build.0 = Debug|Any CPU
		{66494451-51BA-48B9-95C9-1B0FBE494528}.Release|Any CPU.ActiveCfg = Release|Any CPU
		{66494451-51BA-48B9-95C9-1B0FBE494528}.Release|Any CPU.Build.0 = Release|Any CPU
		{8A44E3C3-0B34-4E95-B4A2-61CF9EE3DCF8}.Debug|Any CPU.ActiveCfg = Debug|Any CPU
		{8A44E3C3-0B34-4E95-B4A2-61CF9EE3DCF8}.Debug|Any CPU.Build.0 = Debug|Any CPU
		{8A44E3C3-0B34-4E95-B4A2-61CF9EE3DCF8}.Release|Any CPU.ActiveCfg = Release|Any CPU
		{8A44E3C3-0B34-4E95-B4A2-61CF9EE3DCF8}.Release|Any CPU.Build.0 = Release|Any CPU
		{FA998091-2F43-40A3-8962-A93A5FFE3FBB}.Debug|Any CPU.ActiveCfg = Debug|Any CPU
		{FA998091-2F43-40A3-8962-A93A5FFE3FBB}.Debug|Any CPU.Build.0 = Debug|Any CPU
		{FA998091-2F43-40A3-8962-A93A5FFE3FBB}.Release|Any CPU.ActiveCfg = Release|Any CPU
		{FA998091-2F43-40A3-8962-A93A5FFE3FBB}.Release|Any CPU.Build.0 = Release|Any CPU
		{90B660B1-2DE9-4D87-A69D-A56602B38179}.Debug|Any CPU.ActiveCfg = Debug|Any CPU
		{90B660B1-2DE9-4D87-A69D-A56602B38179}.Debug|Any CPU.Build.0 = Debug|Any CPU
		{90B660B1-2DE9-4D87-A69D-A56602B38179}.Release|Any CPU.ActiveCfg = Release|Any CPU
		{90B660B1-2DE9-4D87-A69D-A56602B38179}.Release|Any CPU.Build.0 = Release|Any CPU
		{ABFB1525-DFF2-4343-ADBC-B6435BB4EF9F}.Debug|Any CPU.ActiveCfg = Debug|Any CPU
		{ABFB1525-DFF2-4343-ADBC-B6435BB4EF9F}.Debug|Any CPU.Build.0 = Debug|Any CPU
		{ABFB1525-DFF2-4343-ADBC-B6435BB4EF9F}.Release|Any CPU.ActiveCfg = Release|Any CPU
		{ABFB1525-DFF2-4343-ADBC-B6435BB4EF9F}.Release|Any CPU.Build.0 = Release|Any CPU
		{2AEA8CF2-9F0B-4E06-A625-B083B87EF290}.Debug|Any CPU.ActiveCfg = Debug|Any CPU
		{2AEA8CF2-9F0B-4E06-A625-B083B87EF290}.Debug|Any CPU.Build.0 = Debug|Any CPU
		{2AEA8CF2-9F0B-4E06-A625-B083B87EF290}.Release|Any CPU.ActiveCfg = Release|Any CPU
		{2AEA8CF2-9F0B-4E06-A625-B083B87EF290}.Release|Any CPU.Build.0 = Release|Any CPU
		{F6CAF319-C033-4C8C-BD98-FBE43C67A8FC}.Debug|Any CPU.ActiveCfg = Debug|Any CPU
		{F6CAF319-C033-4C8C-BD98-FBE43C67A8FC}.Debug|Any CPU.Build.0 = Debug|Any CPU
		{F6CAF319-C033-4C8C-BD98-FBE43C67A8FC}.Release|Any CPU.ActiveCfg = Release|Any CPU
		{F6CAF319-C033-4C8C-BD98-FBE43C67A8FC}.Release|Any CPU.Build.0 = Release|Any CPU
		{D59B0059-C332-4BAA-AD2C-565A6AF17899}.Debug|Any CPU.ActiveCfg = Debug|Any CPU
		{D59B0059-C332-4BAA-AD2C-565A6AF17899}.Debug|Any CPU.Build.0 = Debug|Any CPU
		{D59B0059-C332-4BAA-AD2C-565A6AF17899}.Release|Any CPU.ActiveCfg = Release|Any CPU
		{D59B0059-C332-4BAA-AD2C-565A6AF17899}.Release|Any CPU.Build.0 = Release|Any CPU
		{0E6CBD07-21FF-409C-A78D-20D07D39CBBC}.Debug|Any CPU.ActiveCfg = Debug|Any CPU
		{0E6CBD07-21FF-409C-A78D-20D07D39CBBC}.Debug|Any CPU.Build.0 = Debug|Any CPU
		{0E6CBD07-21FF-409C-A78D-20D07D39CBBC}.Release|Any CPU.ActiveCfg = Release|Any CPU
		{0E6CBD07-21FF-409C-A78D-20D07D39CBBC}.Release|Any CPU.Build.0 = Release|Any CPU
		{C7D9E964-C434-4169-B867-060E8AB5D7D4}.Debug|Any CPU.ActiveCfg = Debug|Any CPU
		{C7D9E964-C434-4169-B867-060E8AB5D7D4}.Debug|Any CPU.Build.0 = Debug|Any CPU
		{C7D9E964-C434-4169-B867-060E8AB5D7D4}.Release|Any CPU.ActiveCfg = Release|Any CPU
		{C7D9E964-C434-4169-B867-060E8AB5D7D4}.Release|Any CPU.Build.0 = Release|Any CPU
		{9A2B2BEE-F3DA-4684-8308-083388AA1260}.Debug|Any CPU.ActiveCfg = Debug|Any CPU
		{9A2B2BEE-F3DA-4684-8308-083388AA1260}.Debug|Any CPU.Build.0 = Debug|Any CPU
		{9A2B2BEE-F3DA-4684-8308-083388AA1260}.Release|Any CPU.ActiveCfg = Release|Any CPU
		{9A2B2BEE-F3DA-4684-8308-083388AA1260}.Release|Any CPU.Build.0 = Release|Any CPU
		{B9BCC21D-946B-4EB5-8307-B3647B959507}.Debug|Any CPU.ActiveCfg = Debug|Any CPU
		{B9BCC21D-946B-4EB5-8307-B3647B959507}.Debug|Any CPU.Build.0 = Debug|Any CPU
		{B9BCC21D-946B-4EB5-8307-B3647B959507}.Release|Any CPU.ActiveCfg = Release|Any CPU
		{B9BCC21D-946B-4EB5-8307-B3647B959507}.Release|Any CPU.Build.0 = Release|Any CPU
		{ADDBC2B6-3914-4A08-A1A0-ECDCB2FC7332}.Debug|Any CPU.ActiveCfg = Debug|Any CPU
		{ADDBC2B6-3914-4A08-A1A0-ECDCB2FC7332}.Debug|Any CPU.Build.0 = Debug|Any CPU
		{ADDBC2B6-3914-4A08-A1A0-ECDCB2FC7332}.Release|Any CPU.ActiveCfg = Release|Any CPU
		{ADDBC2B6-3914-4A08-A1A0-ECDCB2FC7332}.Release|Any CPU.Build.0 = Release|Any CPU
		{26D2FD62-7C4F-4E63-B910-2AF18454EB97}.Debug|Any CPU.ActiveCfg = Debug|Any CPU
		{26D2FD62-7C4F-4E63-B910-2AF18454EB97}.Debug|Any CPU.Build.0 = Debug|Any CPU
		{26D2FD62-7C4F-4E63-B910-2AF18454EB97}.Release|Any CPU.ActiveCfg = Release|Any CPU
		{26D2FD62-7C4F-4E63-B910-2AF18454EB97}.Release|Any CPU.Build.0 = Release|Any CPU
		{75ABDB1A-AF1E-4447-9428-DFE141851EC2}.Debug|Any CPU.ActiveCfg = Debug|Any CPU
		{75ABDB1A-AF1E-4447-9428-DFE141851EC2}.Debug|Any CPU.Build.0 = Debug|Any CPU
		{75ABDB1A-AF1E-4447-9428-DFE141851EC2}.Release|Any CPU.ActiveCfg = Release|Any CPU
		{75ABDB1A-AF1E-4447-9428-DFE141851EC2}.Release|Any CPU.Build.0 = Release|Any CPU
		{EF22D1D0-B4C3-4E01-958F-FE0D525B329B}.Debug|Any CPU.ActiveCfg = Debug|Any CPU
		{EF22D1D0-B4C3-4E01-958F-FE0D525B329B}.Debug|Any CPU.Build.0 = Debug|Any CPU
		{EF22D1D0-B4C3-4E01-958F-FE0D525B329B}.Release|Any CPU.ActiveCfg = Release|Any CPU
		{EF22D1D0-B4C3-4E01-958F-FE0D525B329B}.Release|Any CPU.Build.0 = Release|Any CPU
		{2C458D0D-A113-46A2-A3E3-525B60AFDF8A}.Debug|Any CPU.ActiveCfg = Debug|Any CPU
		{2C458D0D-A113-46A2-A3E3-525B60AFDF8A}.Debug|Any CPU.Build.0 = Debug|Any CPU
		{2C458D0D-A113-46A2-A3E3-525B60AFDF8A}.Release|Any CPU.ActiveCfg = Release|Any CPU
		{2C458D0D-A113-46A2-A3E3-525B60AFDF8A}.Release|Any CPU.Build.0 = Release|Any CPU
		{4EC0D473-CEE3-4BB5-9BDE-E222677BB3CD}.Debug|Any CPU.ActiveCfg = Debug|Any CPU
		{4EC0D473-CEE3-4BB5-9BDE-E222677BB3CD}.Debug|Any CPU.Build.0 = Debug|Any CPU
		{4EC0D473-CEE3-4BB5-9BDE-E222677BB3CD}.Release|Any CPU.ActiveCfg = Release|Any CPU
		{4EC0D473-CEE3-4BB5-9BDE-E222677BB3CD}.Release|Any CPU.Build.0 = Release|Any CPU
		{64F912B9-7ADF-4A7B-9A80-0F46127630D6}.Debug|Any CPU.ActiveCfg = Debug|Any CPU
		{64F912B9-7ADF-4A7B-9A80-0F46127630D6}.Debug|Any CPU.Build.0 = Debug|Any CPU
		{64F912B9-7ADF-4A7B-9A80-0F46127630D6}.Release|Any CPU.ActiveCfg = Release|Any CPU
		{64F912B9-7ADF-4A7B-9A80-0F46127630D6}.Release|Any CPU.Build.0 = Release|Any CPU
		{49CB0C5C-6479-4F41-8D75-482B43FDE4B7}.Debug|Any CPU.ActiveCfg = Debug|Any CPU
		{49CB0C5C-6479-4F41-8D75-482B43FDE4B7}.Debug|Any CPU.Build.0 = Debug|Any CPU
		{49CB0C5C-6479-4F41-8D75-482B43FDE4B7}.Release|Any CPU.ActiveCfg = Release|Any CPU
		{49CB0C5C-6479-4F41-8D75-482B43FDE4B7}.Release|Any CPU.Build.0 = Release|Any CPU
		{2225E61F-7E58-49A0-8EFC-642F80D78E45}.Debug|Any CPU.ActiveCfg = Debug|Any CPU
		{2225E61F-7E58-49A0-8EFC-642F80D78E45}.Debug|Any CPU.Build.0 = Debug|Any CPU
		{2225E61F-7E58-49A0-8EFC-642F80D78E45}.Release|Any CPU.ActiveCfg = Release|Any CPU
		{2225E61F-7E58-49A0-8EFC-642F80D78E45}.Release|Any CPU.Build.0 = Release|Any CPU
		{C0E7F3AD-C1CF-48A3-BE78-614FA1349EF2}.Debug|Any CPU.ActiveCfg = Debug|Any CPU
		{C0E7F3AD-C1CF-48A3-BE78-614FA1349EF2}.Debug|Any CPU.Build.0 = Debug|Any CPU
		{C0E7F3AD-C1CF-48A3-BE78-614FA1349EF2}.Release|Any CPU.ActiveCfg = Release|Any CPU
		{C0E7F3AD-C1CF-48A3-BE78-614FA1349EF2}.Release|Any CPU.Build.0 = Release|Any CPU
		{AEBB2757-18D4-4BC9-A78D-09665DAD0240}.Debug|Any CPU.ActiveCfg = Debug|Any CPU
		{AEBB2757-18D4-4BC9-A78D-09665DAD0240}.Debug|Any CPU.Build.0 = Debug|Any CPU
		{AEBB2757-18D4-4BC9-A78D-09665DAD0240}.Release|Any CPU.ActiveCfg = Release|Any CPU
		{AEBB2757-18D4-4BC9-A78D-09665DAD0240}.Release|Any CPU.Build.0 = Release|Any CPU
		{4FEAEC8C-88B4-46DD-B5C3-0305E6D794D8}.Debug|Any CPU.ActiveCfg = Debug|Any CPU
		{4FEAEC8C-88B4-46DD-B5C3-0305E6D794D8}.Debug|Any CPU.Build.0 = Debug|Any CPU
		{4FEAEC8C-88B4-46DD-B5C3-0305E6D794D8}.Release|Any CPU.ActiveCfg = Release|Any CPU
		{4FEAEC8C-88B4-46DD-B5C3-0305E6D794D8}.Release|Any CPU.Build.0 = Release|Any CPU
		{A3C3F65D-0154-48AD-81B9-55FDCC1D2AED}.Debug|Any CPU.ActiveCfg = Debug|Any CPU
		{A3C3F65D-0154-48AD-81B9-55FDCC1D2AED}.Debug|Any CPU.Build.0 = Debug|Any CPU
		{A3C3F65D-0154-48AD-81B9-55FDCC1D2AED}.Release|Any CPU.ActiveCfg = Release|Any CPU
		{A3C3F65D-0154-48AD-81B9-55FDCC1D2AED}.Release|Any CPU.Build.0 = Release|Any CPU
		{62C72EA6-207B-4F2A-9C19-160DE5A5F876}.Debug|Any CPU.ActiveCfg = Debug|Any CPU
		{62C72EA6-207B-4F2A-9C19-160DE5A5F876}.Debug|Any CPU.Build.0 = Debug|Any CPU
		{62C72EA6-207B-4F2A-9C19-160DE5A5F876}.Release|Any CPU.ActiveCfg = Release|Any CPU
		{62C72EA6-207B-4F2A-9C19-160DE5A5F876}.Release|Any CPU.Build.0 = Release|Any CPU
		{E8B99D92-C54C-4645-BF22-BE67D412796A}.Debug|Any CPU.ActiveCfg = Debug|Any CPU
		{E8B99D92-C54C-4645-BF22-BE67D412796A}.Debug|Any CPU.Build.0 = Debug|Any CPU
		{E8B99D92-C54C-4645-BF22-BE67D412796A}.Release|Any CPU.ActiveCfg = Release|Any CPU
		{E8B99D92-C54C-4645-BF22-BE67D412796A}.Release|Any CPU.Build.0 = Release|Any CPU
		{81A064A1-A374-4F43-B002-09DDDFDADE4B}.Debug|Any CPU.ActiveCfg = Debug|Any CPU
		{81A064A1-A374-4F43-B002-09DDDFDADE4B}.Debug|Any CPU.Build.0 = Debug|Any CPU
		{81A064A1-A374-4F43-B002-09DDDFDADE4B}.Release|Any CPU.ActiveCfg = Release|Any CPU
		{81A064A1-A374-4F43-B002-09DDDFDADE4B}.Release|Any CPU.Build.0 = Release|Any CPU
		{EF3B65F5-B9B3-409A-9A75-7B6D3FA06FAD}.Debug|Any CPU.ActiveCfg = Debug|Any CPU
		{EF3B65F5-B9B3-409A-9A75-7B6D3FA06FAD}.Debug|Any CPU.Build.0 = Debug|Any CPU
		{EF3B65F5-B9B3-409A-9A75-7B6D3FA06FAD}.Release|Any CPU.ActiveCfg = Release|Any CPU
		{EF3B65F5-B9B3-409A-9A75-7B6D3FA06FAD}.Release|Any CPU.Build.0 = Release|Any CPU
	EndGlobalSection
	GlobalSection(SolutionProperties) = preSolution
		HideSolutionNode = FALSE
	EndGlobalSection
	GlobalSection(NestedProjects) = preSolution
		{66494451-51BA-48B9-95C9-1B0FBE494528} = {6C4FD2CF-6B6D-48B9-BE40-7611A7B39DDC}
		{8A44E3C3-0B34-4E95-B4A2-61CF9EE3DCF8} = {6C4FD2CF-6B6D-48B9-BE40-7611A7B39DDC}
		{FA998091-2F43-40A3-8962-A93A5FFE3FBB} = {6C4FD2CF-6B6D-48B9-BE40-7611A7B39DDC}
		{90B660B1-2DE9-4D87-A69D-A56602B38179} = {6C4FD2CF-6B6D-48B9-BE40-7611A7B39DDC}
		{ABFB1525-DFF2-4343-ADBC-B6435BB4EF9F} = {6C4FD2CF-6B6D-48B9-BE40-7611A7B39DDC}
		{2AEA8CF2-9F0B-4E06-A625-B083B87EF290} = {557FB02F-1DDA-4365-8BE1-D5B4278C136C}
		{F6CAF319-C033-4C8C-BD98-FBE43C67A8FC} = {557FB02F-1DDA-4365-8BE1-D5B4278C136C}
		{D59B0059-C332-4BAA-AD2C-565A6AF17899} = {557FB02F-1DDA-4365-8BE1-D5B4278C136C}
		{0E6CBD07-21FF-409C-A78D-20D07D39CBBC} = {557FB02F-1DDA-4365-8BE1-D5B4278C136C}
		{C7D9E964-C434-4169-B867-060E8AB5D7D4} = {557FB02F-1DDA-4365-8BE1-D5B4278C136C}
		{9A2B2BEE-F3DA-4684-8308-083388AA1260} = {557FB02F-1DDA-4365-8BE1-D5B4278C136C}
		{B9BCC21D-946B-4EB5-8307-B3647B959507} = {557FB02F-1DDA-4365-8BE1-D5B4278C136C}
		{ADDBC2B6-3914-4A08-A1A0-ECDCB2FC7332} = {557FB02F-1DDA-4365-8BE1-D5B4278C136C}
		{26D2FD62-7C4F-4E63-B910-2AF18454EB97} = {557FB02F-1DDA-4365-8BE1-D5B4278C136C}
		{75ABDB1A-AF1E-4447-9428-DFE141851EC2} = {557FB02F-1DDA-4365-8BE1-D5B4278C136C}
		{EF22D1D0-B4C3-4E01-958F-FE0D525B329B} = {557FB02F-1DDA-4365-8BE1-D5B4278C136C}
		{2C458D0D-A113-46A2-A3E3-525B60AFDF8A} = {D875DAFD-0C07-498C-B3AD-56612247E7F8}
		{4EC0D473-CEE3-4BB5-9BDE-E222677BB3CD} = {D875DAFD-0C07-498C-B3AD-56612247E7F8}
		{64F912B9-7ADF-4A7B-9A80-0F46127630D6} = {D875DAFD-0C07-498C-B3AD-56612247E7F8}
		{49CB0C5C-6479-4F41-8D75-482B43FDE4B7} = {D875DAFD-0C07-498C-B3AD-56612247E7F8}
		{2225E61F-7E58-49A0-8EFC-642F80D78E45} = {D875DAFD-0C07-498C-B3AD-56612247E7F8}
		{C0E7F3AD-C1CF-48A3-BE78-614FA1349EF2} = {D875DAFD-0C07-498C-B3AD-56612247E7F8}
		{AEBB2757-18D4-4BC9-A78D-09665DAD0240} = {D875DAFD-0C07-498C-B3AD-56612247E7F8}
		{4FEAEC8C-88B4-46DD-B5C3-0305E6D794D8} = {D875DAFD-0C07-498C-B3AD-56612247E7F8}
		{A3C3F65D-0154-48AD-81B9-55FDCC1D2AED} = {D875DAFD-0C07-498C-B3AD-56612247E7F8}
		{62C72EA6-207B-4F2A-9C19-160DE5A5F876} = {D875DAFD-0C07-498C-B3AD-56612247E7F8}
		{E8B99D92-C54C-4645-BF22-BE67D412796A} = {D875DAFD-0C07-498C-B3AD-56612247E7F8}
		{81A064A1-A374-4F43-B002-09DDDFDADE4B} = {D875DAFD-0C07-498C-B3AD-56612247E7F8}
		{EF3B65F5-B9B3-409A-9A75-7B6D3FA06FAD} = {D875DAFD-0C07-498C-B3AD-56612247E7F8}
	EndGlobalSection
	GlobalSection(ExtensibilityGlobals) = postSolution
		SolutionGuid = {8B547F39-51A6-44F7-A9EF-5685941482F5}
	EndGlobalSection
EndGlobal
